
Microsoft Visual Studio Solution File, Format Version 12.00
# Visual Studio Version 17
VisualStudioVersion = 17.1.32210.238
MinimumVisualStudioVersion = 10.0.40219.1
Project("{9A19103F-16F7-4668-BE54-9A1E7A4F7556}") = "CleanArchMvc.Domain", "CleanArchMvc.Domain\CleanArchMvc.Domain.csproj", "{3DC4BCFA-5B9F-4F88-AC6F-800DA81A1B68}"
EndProject
Project("{9A19103F-16F7-4668-BE54-9A1E7A4F7556}") = "CleanArchMvc.Application", "CleanArchMvc.Application\CleanArchMvc.Application.csproj", "{55C32AE7-2A62-404F-A678-E8C7C9C982D5}"
	ProjectSection(ProjectDependencies) = postProject
		{3DC4BCFA-5B9F-4F88-AC6F-800DA81A1B68} = {3DC4BCFA-5B9F-4F88-AC6F-800DA81A1B68}
	EndProjectSection
EndProject
Project("{9A19103F-16F7-4668-BE54-9A1E7A4F7556}") = "CleanArchMvc.Infrastructure", "CleanArchMvc.Infra.Data\CleanArchMvc.Infrastructure.csproj", "{3522369D-BBFC-436C-90A6-E2E6EBB83B41}"
EndProject
Project("{9A19103F-16F7-4668-BE54-9A1E7A4F7556}") = "CleanArchMvc.Infra.IoC", "CleanArchMvc.Infra.IoC\CleanArchMvc.Infra.IoC.csproj", "{40F4DADD-837A-4CCE-83E3-B7ECC7F431BC}"
EndProject
Project("{9A19103F-16F7-4668-BE54-9A1E7A4F7556}") = "CleanArchMvc.WebUI", "CleanArchMvc.WebUI\CleanArchMvc.WebUI.csproj", "{003B8778-5FC5-4E1B-894E-792FE5853AD6}"
EndProject
Project("{9A19103F-16F7-4668-BE54-9A1E7A4F7556}") = "CleanArchMvc.Domain.Tests", "CleanArchMvc.Domain.Tests\CleanArchMvc.Domain.Tests.csproj", "{4E35B8FE-8E58-41B9-AAD7-4CAF332BBCCA}"
EndProject
Project("{9A19103F-16F7-4668-BE54-9A1E7A4F7556}") = "CleanArchMvc.API", "CleanArchMvc.API\CleanArchMvc.API.csproj", "{1FE65FBC-027B-437E-8AF7-D6E7DE7ECB57}"
EndProject
Project("{FAE04EC0-301F-11D3-BF4B-00C04F79EFBC}") = "CleanArchMvc.Application.Tests", "CleanArchMvc.Application.Tests\CleanArchMvc.Application.Tests.csproj", "{2F1DBF3A-2FE2-478A-9DD8-2BC9CF4680FE}"
EndProject
Global
	GlobalSection(SolutionConfigurationPlatforms) = preSolution
		Debug|Any CPU = Debug|Any CPU
		Release|Any CPU = Release|Any CPU
	EndGlobalSection
	GlobalSection(ProjectConfigurationPlatforms) = postSolution
		{3DC4BCFA-5B9F-4F88-AC6F-800DA81A1B68}.Debug|Any CPU.ActiveCfg = Debug|Any CPU
		{3DC4BCFA-5B9F-4F88-AC6F-800DA81A1B68}.Debug|Any CPU.Build.0 = Debug|Any CPU
		{3DC4BCFA-5B9F-4F88-AC6F-800DA81A1B68}.Release|Any CPU.ActiveCfg = Release|Any CPU
		{3DC4BCFA-5B9F-4F88-AC6F-800DA81A1B68}.Release|Any CPU.Build.0 = Release|Any CPU
		{55C32AE7-2A62-404F-A678-E8C7C9C982D5}.Debug|Any CPU.ActiveCfg = Debug|Any CPU
		{55C32AE7-2A62-404F-A678-E8C7C9C982D5}.Debug|Any CPU.Build.0 = Debug|Any CPU
		{55C32AE7-2A62-404F-A678-E8C7C9C982D5}.Release|Any CPU.ActiveCfg = Release|Any CPU
		{55C32AE7-2A62-404F-A678-E8C7C9C982D5}.Release|Any CPU.Build.0 = Release|Any CPU
		{3522369D-BBFC-436C-90A6-E2E6EBB83B41}.Debug|Any CPU.ActiveCfg = Debug|Any CPU
		{3522369D-BBFC-436C-90A6-E2E6EBB83B41}.Debug|Any CPU.Build.0 = Debug|Any CPU
		{3522369D-BBFC-436C-90A6-E2E6EBB83B41}.Release|Any CPU.ActiveCfg = Release|Any CPU
		{3522369D-BBFC-436C-90A6-E2E6EBB83B41}.Release|Any CPU.Build.0 = Release|Any CPU
		{40F4DADD-837A-4CCE-83E3-B7ECC7F431BC}.Debug|Any CPU.ActiveCfg = Debug|Any CPU
		{40F4DADD-837A-4CCE-83E3-B7ECC7F431BC}.Debug|Any CPU.Build.0 = Debug|Any CPU
		{40F4DADD-837A-4CCE-83E3-B7ECC7F431BC}.Release|Any CPU.ActiveCfg = Release|Any CPU
		{40F4DADD-837A-4CCE-83E3-B7ECC7F431BC}.Release|Any CPU.Build.0 = Release|Any CPU
		{003B8778-5FC5-4E1B-894E-792FE5853AD6}.Debug|Any CPU.ActiveCfg = Debug|Any CPU
		{003B8778-5FC5-4E1B-894E-792FE5853AD6}.Debug|Any CPU.Build.0 = Debug|Any CPU
		{003B8778-5FC5-4E1B-894E-792FE5853AD6}.Release|Any CPU.ActiveCfg = Release|Any CPU
		{003B8778-5FC5-4E1B-894E-792FE5853AD6}.Release|Any CPU.Build.0 = Release|Any CPU
		{4E35B8FE-8E58-41B9-AAD7-4CAF332BBCCA}.Debug|Any CPU.ActiveCfg = Debug|Any CPU
		{4E35B8FE-8E58-41B9-AAD7-4CAF332BBCCA}.Debug|Any CPU.Build.0 = Debug|Any CPU
		{4E35B8FE-8E58-41B9-AAD7-4CAF332BBCCA}.Release|Any CPU.ActiveCfg = Release|Any CPU
		{4E35B8FE-8E58-41B9-AAD7-4CAF332BBCCA}.Release|Any CPU.Build.0 = Release|Any CPU
		{1FE65FBC-027B-437E-8AF7-D6E7DE7ECB57}.Debug|Any CPU.ActiveCfg = Debug|Any CPU
		{1FE65FBC-027B-437E-8AF7-D6E7DE7ECB57}.Debug|Any CPU.Build.0 = Debug|Any CPU
		{1FE65FBC-027B-437E-8AF7-D6E7DE7ECB57}.Release|Any CPU.ActiveCfg = Release|Any CPU
		{1FE65FBC-027B-437E-8AF7-D6E7DE7ECB57}.Release|Any CPU.Build.0 = Release|Any CPU
		{2F1DBF3A-2FE2-478A-9DD8-2BC9CF4680FE}.Debug|Any CPU.ActiveCfg = Debug|Any CPU
		{2F1DBF3A-2FE2-478A-9DD8-2BC9CF4680FE}.Debug|Any CPU.Build.0 = Debug|Any CPU
		{2F1DBF3A-2FE2-478A-9DD8-2BC9CF4680FE}.Release|Any CPU.ActiveCfg = Release|Any CPU
		{2F1DBF3A-2FE2-478A-9DD8-2BC9CF4680FE}.Release|Any CPU.Build.0 = Release|Any CPU
	EndGlobalSection
	GlobalSection(SolutionProperties) = preSolution
		HideSolutionNode = FALSE
	EndGlobalSection
	GlobalSection(ExtensibilityGlobals) = postSolution
		SolutionGuid = {963BFAAB-0BC0-49E1-B9E0-760D483A2738}
	EndGlobalSection
EndGlobal
